{
  "pins" : [
    {
      "identity" : "texteditor",
      "kind" : "remoteSourceControl",
      "location" : "https://github.com/ivanKispaj/TextEditor.git",
      "state" : {
        "revision" : "22d3fbc33b4176ce84edcb706e5d9effbd694409",
        "version" : "2.0.0"
      }
    }
  ],
  "version" : 2
}
