{
  "pins" : [
    {
      "identity" : "texteditor",
      "kind" : "remoteSourceControl",
      "location" : "https://github.com/ivanKispaj/TextEditor.git",
      "state" : {
        "branch" : "master",
        "revision" : "1af9c85c32aa693859e13fa2dab7f8c491ac829e"
      }
    }
  ],
  "version" : 2
}
